
Microsoft Visual Studio Solution File, Format Version 12.00
# Visual Studio Version 17
VisualStudioVersion = 17.11.35327.3
MinimumVisualStudioVersion = 10.0.40219.1
Project("{FAE04EC0-301F-11D3-BF4B-00C04F79EFBC}") = "PetBreedingSystemAPI", "PetBreedingSystemAPI.csproj", "{346559D1-6D04-4B50-9B8F-04B654E72309}"
EndProject
Global
	GlobalSection(SolutionConfigurationPlatforms) = preSolution
		Debug|Any CPU = Debug|Any CPU
		Release|Any CPU = Release|Any CPU
	EndGlobalSection
	GlobalSection(ProjectConfigurationPlatforms) = postSolution
		{346559D1-6D04-4B50-9B8F-04B654E72309}.Debug|Any CPU.ActiveCfg = Debug|Any CPU
		{346559D1-6D04-4B50-9B8F-04B654E72309}.Debug|Any CPU.Build.0 = Debug|Any CPU
		{346559D1-6D04-4B50-9B8F-04B654E72309}.Release|Any CPU.ActiveCfg = Release|Any CPU
		{346559D1-6D04-4B50-9B8F-04B654E72309}.Release|Any CPU.Build.0 = Release|Any CPU
	EndGlobalSection
	GlobalSection(SolutionProperties) = preSolution
		HideSolutionNode = FALSE
	EndGlobalSection
	GlobalSection(ExtensibilityGlobals) = postSolution
		SolutionGuid = {27088A97-72B3-459E-B7F8-867A9F4CCD93}
	EndGlobalSection
EndGlobal
